// !$*UTF8*$!
{
	archiveVersion = 1;
	classes = {
	};
	objectVersion = 50;
	objects = {

/* Begin PBXBuildFile section */
		AA0F03A82189DD01004C3552 /* VirtualObject.swift in Sources */ = {isa = PBXBuildFile; fileRef = AA0F03A72189DD01004C3552 /* VirtualObject.swift */; };
		AA1CEAF7217F8433002BCAC5 /* Utilities.swift in Sources */ = {isa = PBXBuildFile; fileRef = AA1CEAF6217F8433002BCAC5 /* Utilities.swift */; };
		AA3D7A512189F2BD009DBCCD /* FocusSquare.swift in Sources */ = {isa = PBXBuildFile; fileRef = AA3D7A502189F2BD009DBCCD /* FocusSquare.swift */; };
		AA4BFE752170CEA7004FC4BD /* LessonsViewCell.swift in Sources */ = {isa = PBXBuildFile; fileRef = AA4BFE742170CEA7004FC4BD /* LessonsViewCell.swift */; };
		AA6D54D22174E46A00730309 /* Lesson.swift in Sources */ = {isa = PBXBuildFile; fileRef = AA6D54D12174E46A00730309 /* Lesson.swift */; };
		AA6D54D421761FE400730309 /* BlurButton.swift in Sources */ = {isa = PBXBuildFile; fileRef = AA6D54D321761FE400730309 /* BlurButton.swift */; };
		AA6D54D6217626C700730309 /* BigCoverButton.swift in Sources */ = {isa = PBXBuildFile; fileRef = AA6D54D5217626C700730309 /* BigCoverButton.swift */; };
		AA7F6BCD21AC2CD800EFE9CE /* GradeViewController.swift in Sources */ = {isa = PBXBuildFile; fileRef = AA7F6BCC21AC2CD800EFE9CE /* GradeViewController.swift */; };
		AA7F6BCF21AC3B9700EFE9CE /* Stopwatch.swift in Sources */ = {isa = PBXBuildFile; fileRef = AA7F6BCE21AC3B9700EFE9CE /* Stopwatch.swift */; };
		AA7F6BD121AC3FCB00EFE9CE /* PendulumModel.swift in Sources */ = {isa = PBXBuildFile; fileRef = AA7F6BD021AC3FCB00EFE9CE /* PendulumModel.swift */; };
		AABAADB121946BC400ADBC3D /* Settings.swift in Sources */ = {isa = PBXBuildFile; fileRef = AABAADB021946BC400ADBC3D /* Settings.swift */; };
		AAC196652193618C001E4A70 /* tick.mp3 in Resources */ = {isa = PBXBuildFile; fileRef = AAC196642193618C001E4A70 /* tick.mp3 */; };
		AAC1966821942382001E4A70 /* PendulumNode.swift in Sources */ = {isa = PBXBuildFile; fileRef = AAC1966721942382001E4A70 /* PendulumNode.swift */; };
		AAC911EE219453BC007BE3B4 /* LessonsViewController.swift in Sources */ = {isa = PBXBuildFile; fileRef = AA4BFE6F2170C8B2004FC4BD /* LessonsViewController.swift */; };
		AAC911EF219453BC007BE3B4 /* PatternsViewController.swift in Sources */ = {isa = PBXBuildFile; fileRef = AA4BFE712170C8FB004FC4BD /* PatternsViewController.swift */; };
		AAC911F0219453BC007BE3B4 /* LessonDetailViewController.swift in Sources */ = {isa = PBXBuildFile; fileRef = AA6D54CE2174DD0900730309 /* LessonDetailViewController.swift */; };
		AAD416D9216673BD00006A3F /* AppDelegate.swift in Sources */ = {isa = PBXBuildFile; fileRef = AAD416D8216673BD00006A3F /* AppDelegate.swift */; };
		AAD416E0216673BD00006A3F /* Main.storyboard in Resources */ = {isa = PBXBuildFile; fileRef = AAD416DE216673BD00006A3F /* Main.storyboard */; };
		AAD416E2216673BD00006A3F /* Assets.xcassets in Resources */ = {isa = PBXBuildFile; fileRef = AAD416E1216673BD00006A3F /* Assets.xcassets */; };
		AAD416E5216673BD00006A3F /* LaunchScreen.storyboard in Resources */ = {isa = PBXBuildFile; fileRef = AAD416E3216673BD00006A3F /* LaunchScreen.storyboard */; };
		AAD416F0216673BD00006A3F /* StudifyTests.swift in Sources */ = {isa = PBXBuildFile; fileRef = AAD416EF216673BD00006A3F /* StudifyTests.swift */; };
		AAD416FB216673BD00006A3F /* StudifyUITests.swift in Sources */ = {isa = PBXBuildFile; fileRef = AAD416FA216673BD00006A3F /* StudifyUITests.swift */; };
		AAD894DD21A855ED00FA1A60 /* ARViewController.swift in Sources */ = {isa = PBXBuildFile; fileRef = AA6D54CC2174D47200730309 /* ARViewController.swift */; };
		AAD894DE21A855ED00FA1A60 /* ARViewController+ARSCNViewDelegate.swift in Sources */ = {isa = PBXBuildFile; fileRef = AA0F03A02189D503004C3552 /* ARViewController+ARSCNViewDelegate.swift */; };
		AAD894DF21A855ED00FA1A60 /* ARViewController+Actions.swift in Sources */ = {isa = PBXBuildFile; fileRef = AA0F03A42189D582004C3552 /* ARViewController+Actions.swift */; };
		AAD894E221A87EA000FA1A60 /* ExamViewController.swift in Sources */ = {isa = PBXBuildFile; fileRef = AAD894E121A87EA000FA1A60 /* ExamViewController.swift */; };
		AADC83D521959BFC002AE8E6 /* MeasuresViewController.swift in Sources */ = {isa = PBXBuildFile; fileRef = AADC83D421959BFC002AE8E6 /* MeasuresViewController.swift */; };
		AADC83D72195A33F002AE8E6 /* ExperimentModel.swift in Sources */ = {isa = PBXBuildFile; fileRef = AADC83D62195A33F002AE8E6 /* ExperimentModel.swift */; };
		AADC83D92195A3CB002AE8E6 /* Pattern.swift in Sources */ = {isa = PBXBuildFile; fileRef = AADC83D82195A3CB002AE8E6 /* Pattern.swift */; };
/* End PBXBuildFile section */

/* Begin PBXContainerItemProxy section */
		AAD416EC216673BD00006A3F /* PBXContainerItemProxy */ = {
			isa = PBXContainerItemProxy;
			containerPortal = AAD416CD216673BC00006A3F /* Project object */;
			proxyType = 1;
			remoteGlobalIDString = AAD416D4216673BD00006A3F;
			remoteInfo = Studify;
		};
		AAD416F7216673BD00006A3F /* PBXContainerItemProxy */ = {
			isa = PBXContainerItemProxy;
			containerPortal = AAD416CD216673BC00006A3F /* Project object */;
			proxyType = 1;
			remoteGlobalIDString = AAD416D4216673BD00006A3F;
			remoteInfo = Studify;
		};
/* End PBXContainerItemProxy section */

/* Begin PBXFileReference section */
		AA0F03A02189D503004C3552 /* ARViewController+ARSCNViewDelegate.swift */ = {isa = PBXFileReference; lastKnownFileType = sourcecode.swift; path = "ARViewController+ARSCNViewDelegate.swift"; sourceTree = "<group>"; };
		AA0F03A42189D582004C3552 /* ARViewController+Actions.swift */ = {isa = PBXFileReference; lastKnownFileType = sourcecode.swift; path = "ARViewController+Actions.swift"; sourceTree = "<group>"; };
		AA0F03A72189DD01004C3552 /* VirtualObject.swift */ = {isa = PBXFileReference; lastKnownFileType = sourcecode.swift; path = VirtualObject.swift; sourceTree = "<group>"; };
		AA1CEAF6217F8433002BCAC5 /* Utilities.swift */ = {isa = PBXFileReference; lastKnownFileType = sourcecode.swift; path = Utilities.swift; sourceTree = "<group>"; };
		AA3D7A502189F2BD009DBCCD /* FocusSquare.swift */ = {isa = PBXFileReference; lastKnownFileType = sourcecode.swift; path = FocusSquare.swift; sourceTree = "<group>"; };
		AA4BFE6F2170C8B2004FC4BD /* LessonsViewController.swift */ = {isa = PBXFileReference; lastKnownFileType = sourcecode.swift; path = LessonsViewController.swift; sourceTree = "<group>"; };
		AA4BFE712170C8FB004FC4BD /* PatternsViewController.swift */ = {isa = PBXFileReference; lastKnownFileType = sourcecode.swift; path = PatternsViewController.swift; sourceTree = "<group>"; };
		AA4BFE742170CEA7004FC4BD /* LessonsViewCell.swift */ = {isa = PBXFileReference; lastKnownFileType = sourcecode.swift; path = LessonsViewCell.swift; sourceTree = "<group>"; };
		AA6D54CC2174D47200730309 /* ARViewController.swift */ = {isa = PBXFileReference; lastKnownFileType = sourcecode.swift; path = ARViewController.swift; sourceTree = "<group>"; };
		AA6D54CE2174DD0900730309 /* LessonDetailViewController.swift */ = {isa = PBXFileReference; lastKnownFileType = sourcecode.swift; path = LessonDetailViewController.swift; sourceTree = "<group>"; };
		AA6D54D12174E46A00730309 /* Lesson.swift */ = {isa = PBXFileReference; lastKnownFileType = sourcecode.swift; path = Lesson.swift; sourceTree = "<group>"; };
		AA6D54D321761FE400730309 /* BlurButton.swift */ = {isa = PBXFileReference; lastKnownFileType = sourcecode.swift; path = BlurButton.swift; sourceTree = "<group>"; };
		AA6D54D5217626C700730309 /* BigCoverButton.swift */ = {isa = PBXFileReference; lastKnownFileType = sourcecode.swift; path = BigCoverButton.swift; sourceTree = "<group>"; };
		AA7F6BCC21AC2CD800EFE9CE /* GradeViewController.swift */ = {isa = PBXFileReference; lastKnownFileType = sourcecode.swift; path = GradeViewController.swift; sourceTree = "<group>"; };
		AA7F6BCE21AC3B9700EFE9CE /* Stopwatch.swift */ = {isa = PBXFileReference; lastKnownFileType = sourcecode.swift; path = Stopwatch.swift; sourceTree = "<group>"; };
		AA7F6BD021AC3FCB00EFE9CE /* PendulumModel.swift */ = {isa = PBXFileReference; lastKnownFileType = sourcecode.swift; path = PendulumModel.swift; sourceTree = "<group>"; };
		AABAADB021946BC400ADBC3D /* Settings.swift */ = {isa = PBXFileReference; lastKnownFileType = sourcecode.swift; path = Settings.swift; sourceTree = "<group>"; };
		AAC196642193618C001E4A70 /* tick.mp3 */ = {isa = PBXFileReference; lastKnownFileType = audio.mp3; path = tick.mp3; sourceTree = "<group>"; };
		AAC1966721942382001E4A70 /* PendulumNode.swift */ = {isa = PBXFileReference; lastKnownFileType = sourcecode.swift; path = PendulumNode.swift; sourceTree = "<group>"; };
		AAD416D5216673BD00006A3F /* Studify.app */ = {isa = PBXFileReference; explicitFileType = wrapper.application; includeInIndex = 0; path = Studify.app; sourceTree = BUILT_PRODUCTS_DIR; };
		AAD416D8216673BD00006A3F /* AppDelegate.swift */ = {isa = PBXFileReference; lastKnownFileType = sourcecode.swift; path = AppDelegate.swift; sourceTree = "<group>"; };
		AAD416DF216673BD00006A3F /* Base */ = {isa = PBXFileReference; lastKnownFileType = file.storyboard; name = Base; path = Base.lproj/Main.storyboard; sourceTree = "<group>"; };
		AAD416E1216673BD00006A3F /* Assets.xcassets */ = {isa = PBXFileReference; lastKnownFileType = folder.assetcatalog; path = Assets.xcassets; sourceTree = "<group>"; };
		AAD416E4216673BD00006A3F /* Base */ = {isa = PBXFileReference; lastKnownFileType = file.storyboard; name = Base; path = Base.lproj/LaunchScreen.storyboard; sourceTree = "<group>"; };
		AAD416E6216673BD00006A3F /* Info.plist */ = {isa = PBXFileReference; lastKnownFileType = text.plist.xml; path = Info.plist; sourceTree = "<group>"; };
		AAD416EB216673BD00006A3F /* StudifyTests.xctest */ = {isa = PBXFileReference; explicitFileType = wrapper.cfbundle; includeInIndex = 0; path = StudifyTests.xctest; sourceTree = BUILT_PRODUCTS_DIR; };
		AAD416EF216673BD00006A3F /* StudifyTests.swift */ = {isa = PBXFileReference; lastKnownFileType = sourcecode.swift; path = StudifyTests.swift; sourceTree = "<group>"; };
		AAD416F1216673BD00006A3F /* Info.plist */ = {isa = PBXFileReference; lastKnownFileType = text.plist.xml; path = Info.plist; sourceTree = "<group>"; };
		AAD416F6216673BD00006A3F /* StudifyUITests.xctest */ = {isa = PBXFileReference; explicitFileType = wrapper.cfbundle; includeInIndex = 0; path = StudifyUITests.xctest; sourceTree = BUILT_PRODUCTS_DIR; };
		AAD416FA216673BD00006A3F /* StudifyUITests.swift */ = {isa = PBXFileReference; lastKnownFileType = sourcecode.swift; path = StudifyUITests.swift; sourceTree = "<group>"; };
		AAD416FC216673BD00006A3F /* Info.plist */ = {isa = PBXFileReference; lastKnownFileType = text.plist.xml; path = Info.plist; sourceTree = "<group>"; };
		AAD894E121A87EA000FA1A60 /* ExamViewController.swift */ = {isa = PBXFileReference; lastKnownFileType = sourcecode.swift; path = ExamViewController.swift; sourceTree = "<group>"; };
		AADC83D421959BFC002AE8E6 /* MeasuresViewController.swift */ = {isa = PBXFileReference; lastKnownFileType = sourcecode.swift; path = MeasuresViewController.swift; sourceTree = "<group>"; };
		AADC83D62195A33F002AE8E6 /* ExperimentModel.swift */ = {isa = PBXFileReference; lastKnownFileType = sourcecode.swift; path = ExperimentModel.swift; sourceTree = "<group>"; };
		AADC83D82195A3CB002AE8E6 /* Pattern.swift */ = {isa = PBXFileReference; lastKnownFileType = sourcecode.swift; path = Pattern.swift; sourceTree = "<group>"; };
/* End PBXFileReference section */

/* Begin PBXFrameworksBuildPhase section */
		AAD416D2216673BD00006A3F /* Frameworks */ = {
			isa = PBXFrameworksBuildPhase;
			buildActionMask = 2147483647;
			files = (
			);
			runOnlyForDeploymentPostprocessing = 0;
		};
		AAD416E8216673BD00006A3F /* Frameworks */ = {
			isa = PBXFrameworksBuildPhase;
			buildActionMask = 2147483647;
			files = (
			);
			runOnlyForDeploymentPostprocessing = 0;
		};
		AAD416F3216673BD00006A3F /* Frameworks */ = {
			isa = PBXFrameworksBuildPhase;
			buildActionMask = 2147483647;
			files = (
			);
			runOnlyForDeploymentPostprocessing = 0;
		};
/* End PBXFrameworksBuildPhase section */

/* Begin PBXGroup section */
		AA0F03A62189DCE9004C3552 /* Virtual Objects */ = {
			isa = PBXGroup;
			children = (
				AA0F03A72189DD01004C3552 /* VirtualObject.swift */,
				AA3D7A502189F2BD009DBCCD /* FocusSquare.swift */,
				AAC1966721942382001E4A70 /* PendulumNode.swift */,
			);
			path = "Virtual Objects";
			sourceTree = "<group>";
		};
		AA1CEAF5217F841B002BCAC5 /* Utilities */ = {
			isa = PBXGroup;
			children = (
				AA1CEAF6217F8433002BCAC5 /* Utilities.swift */,
				AABAADB021946BC400ADBC3D /* Settings.swift */,
				AA7F6BCE21AC3B9700EFE9CE /* Stopwatch.swift */,
			);
			path = Utilities;
			sourceTree = "<group>";
		};
		AA4BFE6C2170C815004FC4BD /* Controllers */ = {
			isa = PBXGroup;
			children = (
				AAD894DC21A855AB00FA1A60 /* ARViewController */,
				AA4BFE6F2170C8B2004FC4BD /* LessonsViewController.swift */,
				AA4BFE712170C8FB004FC4BD /* PatternsViewController.swift */,
				AA6D54CE2174DD0900730309 /* LessonDetailViewController.swift */,
				AADC83D421959BFC002AE8E6 /* MeasuresViewController.swift */,
				AAD894E121A87EA000FA1A60 /* ExamViewController.swift */,
				AA7F6BCC21AC2CD800EFE9CE /* GradeViewController.swift */,
			);
			path = Controllers;
			sourceTree = "<group>";
		};
		AA4BFE732170C9A5004FC4BD /* Views */ = {
			isa = PBXGroup;
			children = (
				AA6D54D321761FE400730309 /* BlurButton.swift */,
				AA4BFE742170CEA7004FC4BD /* LessonsViewCell.swift */,
				AA6D54D5217626C700730309 /* BigCoverButton.swift */,
			);
			path = Views;
			sourceTree = "<group>";
		};
		AA6D54D02174E45200730309 /* Model */ = {
			isa = PBXGroup;
			children = (
				AADC83D62195A33F002AE8E6 /* ExperimentModel.swift */,
				AA7F6BD021AC3FCB00EFE9CE /* PendulumModel.swift */,
			);
			path = Model;
			sourceTree = "<group>";
		};
		AAC196632193617D001E4A70 /* Sounds */ = {
			isa = PBXGroup;
			children = (
				AAC196642193618C001E4A70 /* tick.mp3 */,
			);
			path = Sounds;
			sourceTree = "<group>";
		};
		AAC196662194228E001E4A70 /* Assets */ = {
			isa = PBXGroup;
			children = (
				AAD416E1216673BD00006A3F /* Assets.xcassets */,
				AAC196632193617D001E4A70 /* Sounds */,
			);
			path = Assets;
			sourceTree = "<group>";
		};
		AAD416CC216673BC00006A3F = {
			isa = PBXGroup;
			children = (
				AAD416D7216673BD00006A3F /* Studify */,
				AAD416EE216673BD00006A3F /* StudifyTests */,
				AAD416F9216673BD00006A3F /* StudifyUITests */,
				AAD416D6216673BD00006A3F /* Products */,
			);
			sourceTree = "<group>";
		};
		AAD416D6216673BD00006A3F /* Products */ = {
			isa = PBXGroup;
			children = (
				AAD416D5216673BD00006A3F /* Studify.app */,
				AAD416EB216673BD00006A3F /* StudifyTests.xctest */,
				AAD416F6216673BD00006A3F /* StudifyUITests.xctest */,
			);
			name = Products;
			sourceTree = "<group>";
		};
		AAD416D7216673BD00006A3F /* Studify */ = {
			isa = PBXGroup;
			children = (
				AAD416E6216673BD00006A3F /* Info.plist */,
				AAD416D8216673BD00006A3F /* AppDelegate.swift */,
				AAD416DE216673BD00006A3F /* Main.storyboard */,
				AAD416E3216673BD00006A3F /* LaunchScreen.storyboard */,
				AA4BFE732170C9A5004FC4BD /* Views */,
				AA6D54D02174E45200730309 /* Model */,
				AA4BFE6C2170C815004FC4BD /* Controllers */,
				AAD894E021A867B300FA1A60 /* Structures */,
				AA0F03A62189DCE9004C3552 /* Virtual Objects */,
				AAC196662194228E001E4A70 /* Assets */,
				AA1CEAF5217F841B002BCAC5 /* Utilities */,
			);
			path = Studify;
			sourceTree = "<group>";
		};
		AAD416EE216673BD00006A3F /* StudifyTests */ = {
			isa = PBXGroup;
			children = (
				AAD416EF216673BD00006A3F /* StudifyTests.swift */,
				AAD416F1216673BD00006A3F /* Info.plist */,
			);
			path = StudifyTests;
			sourceTree = "<group>";
		};
		AAD416F9216673BD00006A3F /* StudifyUITests */ = {
			isa = PBXGroup;
			children = (
				AAD416FA216673BD00006A3F /* StudifyUITests.swift */,
				AAD416FC216673BD00006A3F /* Info.plist */,
			);
			path = StudifyUITests;
			sourceTree = "<group>";
		};
		AAD894DC21A855AB00FA1A60 /* ARViewController */ = {
			isa = PBXGroup;
			children = (
				AA6D54CC2174D47200730309 /* ARViewController.swift */,
				AA0F03A02189D503004C3552 /* ARViewController+ARSCNViewDelegate.swift */,
				AA0F03A42189D582004C3552 /* ARViewController+Actions.swift */,
			);
			path = ARViewController;
			sourceTree = "<group>";
		};
		AAD894E021A867B300FA1A60 /* Structures */ = {
			isa = PBXGroup;
			children = (
				AA6D54D12174E46A00730309 /* Lesson.swift */,
				AADC83D82195A3CB002AE8E6 /* Pattern.swift */,
			);
			path = Structures;
			sourceTree = "<group>";
		};
/* End PBXGroup section */

/* Begin PBXNativeTarget section */
		AAD416D4216673BD00006A3F /* Studify */ = {
			isa = PBXNativeTarget;
			buildConfigurationList = AAD416FF216673BD00006A3F /* Build configuration list for PBXNativeTarget "Studify" */;
			buildPhases = (
				AAD416D1216673BD00006A3F /* Sources */,
				AAD416D2216673BD00006A3F /* Frameworks */,
				AAD416D3216673BD00006A3F /* Resources */,
			);
			buildRules = (
			);
			dependencies = (
			);
			name = Studify;
			productName = Studify;
			productReference = AAD416D5216673BD00006A3F /* Studify.app */;
			productType = "com.apple.product-type.application";
		};
		AAD416EA216673BD00006A3F /* StudifyTests */ = {
			isa = PBXNativeTarget;
			buildConfigurationList = AAD41702216673BD00006A3F /* Build configuration list for PBXNativeTarget "StudifyTests" */;
			buildPhases = (
				AAD416E7216673BD00006A3F /* Sources */,
				AAD416E8216673BD00006A3F /* Frameworks */,
				AAD416E9216673BD00006A3F /* Resources */,
			);
			buildRules = (
			);
			dependencies = (
				AAD416ED216673BD00006A3F /* PBXTargetDependency */,
			);
			name = StudifyTests;
			productName = StudifyTests;
			productReference = AAD416EB216673BD00006A3F /* StudifyTests.xctest */;
			productType = "com.apple.product-type.bundle.unit-test";
		};
		AAD416F5216673BD00006A3F /* StudifyUITests */ = {
			isa = PBXNativeTarget;
			buildConfigurationList = AAD41705216673BD00006A3F /* Build configuration list for PBXNativeTarget "StudifyUITests" */;
			buildPhases = (
				AAD416F2216673BD00006A3F /* Sources */,
				AAD416F3216673BD00006A3F /* Frameworks */,
				AAD416F4216673BD00006A3F /* Resources */,
			);
			buildRules = (
			);
			dependencies = (
				AAD416F8216673BD00006A3F /* PBXTargetDependency */,
			);
			name = StudifyUITests;
			productName = StudifyUITests;
			productReference = AAD416F6216673BD00006A3F /* StudifyUITests.xctest */;
			productType = "com.apple.product-type.bundle.ui-testing";
		};
/* End PBXNativeTarget section */

/* Begin PBXProject section */
		AAD416CD216673BC00006A3F /* Project object */ = {
			isa = PBXProject;
			attributes = {
				LastSwiftUpdateCheck = 1000;
				LastUpgradeCheck = 1000;
				ORGANIZATIONNAME = "Jakub Nadolny";
				TargetAttributes = {
					AAD416D4216673BD00006A3F = {
						CreatedOnToolsVersion = 10.0;
					};
					AAD416EA216673BD00006A3F = {
						CreatedOnToolsVersion = 10.0;
						TestTargetID = AAD416D4216673BD00006A3F;
					};
					AAD416F5216673BD00006A3F = {
						CreatedOnToolsVersion = 10.0;
						TestTargetID = AAD416D4216673BD00006A3F;
					};
				};
			};
			buildConfigurationList = AAD416D0216673BC00006A3F /* Build configuration list for PBXProject "Studify" */;
			compatibilityVersion = "Xcode 9.3";
			developmentRegion = en;
			hasScannedForEncodings = 0;
			knownRegions = (
				en,
				Base,
			);
			mainGroup = AAD416CC216673BC00006A3F;
			productRefGroup = AAD416D6216673BD00006A3F /* Products */;
			projectDirPath = "";
			projectRoot = "";
			targets = (
				AAD416D4216673BD00006A3F /* Studify */,
				AAD416EA216673BD00006A3F /* StudifyTests */,
				AAD416F5216673BD00006A3F /* StudifyUITests */,
			);
		};
/* End PBXProject section */

/* Begin PBXResourcesBuildPhase section */
		AAD416D3216673BD00006A3F /* Resources */ = {
			isa = PBXResourcesBuildPhase;
			buildActionMask = 2147483647;
			files = (
				AAD416E5216673BD00006A3F /* LaunchScreen.storyboard in Resources */,
				AAC196652193618C001E4A70 /* tick.mp3 in Resources */,
				AAD416E2216673BD00006A3F /* Assets.xcassets in Resources */,
				AAD416E0216673BD00006A3F /* Main.storyboard in Resources */,
			);
			runOnlyForDeploymentPostprocessing = 0;
		};
		AAD416E9216673BD00006A3F /* Resources */ = {
			isa = PBXResourcesBuildPhase;
			buildActionMask = 2147483647;
			files = (
			);
			runOnlyForDeploymentPostprocessing = 0;
		};
		AAD416F4216673BD00006A3F /* Resources */ = {
			isa = PBXResourcesBuildPhase;
			buildActionMask = 2147483647;
			files = (
			);
			runOnlyForDeploymentPostprocessing = 0;
		};
/* End PBXResourcesBuildPhase section */

/* Begin PBXSourcesBuildPhase section */
		AAD416D1216673BD00006A3F /* Sources */ = {
			isa = PBXSourcesBuildPhase;
			buildActionMask = 2147483647;
			files = (
				AA4BFE752170CEA7004FC4BD /* LessonsViewCell.swift in Sources */,
				AA7F6BCD21AC2CD800EFE9CE /* GradeViewController.swift in Sources */,
				AA7F6BD121AC3FCB00EFE9CE /* PendulumModel.swift in Sources */,
				AAC911F0219453BC007BE3B4 /* LessonDetailViewController.swift in Sources */,
				AAC1966821942382001E4A70 /* PendulumNode.swift in Sources */,
				AA3D7A512189F2BD009DBCCD /* FocusSquare.swift in Sources */,
				AA6D54D22174E46A00730309 /* Lesson.swift in Sources */,
				AAD894DF21A855ED00FA1A60 /* ARViewController+Actions.swift in Sources */,
				AAD894DE21A855ED00FA1A60 /* ARViewController+ARSCNViewDelegate.swift in Sources */,
				AADC83D521959BFC002AE8E6 /* MeasuresViewController.swift in Sources */,
				AADC83D92195A3CB002AE8E6 /* Pattern.swift in Sources */,
				AAD894E221A87EA000FA1A60 /* ExamViewController.swift in Sources */,
				AADC83D72195A33F002AE8E6 /* ExperimentModel.swift in Sources */,
				AA6D54D421761FE400730309 /* BlurButton.swift in Sources */,
				AA1CEAF7217F8433002BCAC5 /* Utilities.swift in Sources */,
				AAD416D9216673BD00006A3F /* AppDelegate.swift in Sources */,
				AA7F6BCF21AC3B9700EFE9CE /* Stopwatch.swift in Sources */,
				AA6D54D6217626C700730309 /* BigCoverButton.swift in Sources */,
				AABAADB121946BC400ADBC3D /* Settings.swift in Sources */,
				AAD894DD21A855ED00FA1A60 /* ARViewController.swift in Sources */,
				AA0F03A82189DD01004C3552 /* VirtualObject.swift in Sources */,
				AAC911EF219453BC007BE3B4 /* PatternsViewController.swift in Sources */,
				AAC911EE219453BC007BE3B4 /* LessonsViewController.swift in Sources */,
			);
			runOnlyForDeploymentPostprocessing = 0;
		};
		AAD416E7216673BD00006A3F /* Sources */ = {
			isa = PBXSourcesBuildPhase;
			buildActionMask = 2147483647;
			files = (
				AAD416F0216673BD00006A3F /* StudifyTests.swift in Sources */,
			);
			runOnlyForDeploymentPostprocessing = 0;
		};
		AAD416F2216673BD00006A3F /* Sources */ = {
			isa = PBXSourcesBuildPhase;
			buildActionMask = 2147483647;
			files = (
				AAD416FB216673BD00006A3F /* StudifyUITests.swift in Sources */,
			);
			runOnlyForDeploymentPostprocessing = 0;
		};
/* End PBXSourcesBuildPhase section */

/* Begin PBXTargetDependency section */
		AAD416ED216673BD00006A3F /* PBXTargetDependency */ = {
			isa = PBXTargetDependency;
			target = AAD416D4216673BD00006A3F /* Studify */;
			targetProxy = AAD416EC216673BD00006A3F /* PBXContainerItemProxy */;
		};
		AAD416F8216673BD00006A3F /* PBXTargetDependency */ = {
			isa = PBXTargetDependency;
			target = AAD416D4216673BD00006A3F /* Studify */;
			targetProxy = AAD416F7216673BD00006A3F /* PBXContainerItemProxy */;
		};
/* End PBXTargetDependency section */

/* Begin PBXVariantGroup section */
		AAD416DE216673BD00006A3F /* Main.storyboard */ = {
			isa = PBXVariantGroup;
			children = (
				AAD416DF216673BD00006A3F /* Base */,
			);
			name = Main.storyboard;
			sourceTree = "<group>";
		};
		AAD416E3216673BD00006A3F /* LaunchScreen.storyboard */ = {
			isa = PBXVariantGroup;
			children = (
				AAD416E4216673BD00006A3F /* Base */,
			);
			name = LaunchScreen.storyboard;
			sourceTree = "<group>";
		};
/* End PBXVariantGroup section */

/* Begin XCBuildConfiguration section */
		AAD416FD216673BD00006A3F /* Debug */ = {
			isa = XCBuildConfiguration;
			buildSettings = {
				ALWAYS_SEARCH_USER_PATHS = NO;
				CLANG_ANALYZER_NONNULL = YES;
				CLANG_ANALYZER_NUMBER_OBJECT_CONVERSION = YES_AGGRESSIVE;
				CLANG_CXX_LANGUAGE_STANDARD = "gnu++14";
				CLANG_CXX_LIBRARY = "libc++";
				CLANG_ENABLE_MODULES = YES;
				CLANG_ENABLE_OBJC_ARC = YES;
				CLANG_ENABLE_OBJC_WEAK = YES;
				CLANG_WARN_BLOCK_CAPTURE_AUTORELEASING = YES;
				CLANG_WARN_BOOL_CONVERSION = YES;
				CLANG_WARN_COMMA = YES;
				CLANG_WARN_CONSTANT_CONVERSION = YES;
				CLANG_WARN_DEPRECATED_OBJC_IMPLEMENTATIONS = YES;
				CLANG_WARN_DIRECT_OBJC_ISA_USAGE = YES_ERROR;
				CLANG_WARN_DOCUMENTATION_COMMENTS = YES;
				CLANG_WARN_EMPTY_BODY = YES;
				CLANG_WARN_ENUM_CONVERSION = YES;
				CLANG_WARN_INFINITE_RECURSION = YES;
				CLANG_WARN_INT_CONVERSION = YES;
				CLANG_WARN_NON_LITERAL_NULL_CONVERSION = YES;
				CLANG_WARN_OBJC_IMPLICIT_RETAIN_SELF = YES;
				CLANG_WARN_OBJC_LITERAL_CONVERSION = YES;
				CLANG_WARN_OBJC_ROOT_CLASS = YES_ERROR;
				CLANG_WARN_RANGE_LOOP_ANALYSIS = YES;
				CLANG_WARN_STRICT_PROTOTYPES = YES;
				CLANG_WARN_SUSPICIOUS_MOVE = YES;
				CLANG_WARN_UNGUARDED_AVAILABILITY = YES_AGGRESSIVE;
				CLANG_WARN_UNREACHABLE_CODE = YES;
				CLANG_WARN__DUPLICATE_METHOD_MATCH = YES;
				CODE_SIGN_IDENTITY = "iPhone Developer";
				COPY_PHASE_STRIP = NO;
				DEBUG_INFORMATION_FORMAT = dwarf;
				ENABLE_STRICT_OBJC_MSGSEND = YES;
				ENABLE_TESTABILITY = YES;
				GCC_C_LANGUAGE_STANDARD = gnu11;
				GCC_DYNAMIC_NO_PIC = NO;
				GCC_NO_COMMON_BLOCKS = YES;
				GCC_OPTIMIZATION_LEVEL = 0;
				GCC_PREPROCESSOR_DEFINITIONS = (
					"DEBUG=1",
					"$(inherited)",
				);
				GCC_WARN_64_TO_32_BIT_CONVERSION = YES;
				GCC_WARN_ABOUT_RETURN_TYPE = YES_ERROR;
				GCC_WARN_UNDECLARED_SELECTOR = YES;
				GCC_WARN_UNINITIALIZED_AUTOS = YES_AGGRESSIVE;
				GCC_WARN_UNUSED_FUNCTION = YES;
				GCC_WARN_UNUSED_VARIABLE = YES;
				IPHONEOS_DEPLOYMENT_TARGET = 12.0;
				MTL_ENABLE_DEBUG_INFO = INCLUDE_SOURCE;
				MTL_FAST_MATH = YES;
				ONLY_ACTIVE_ARCH = YES;
				SDKROOT = iphoneos;
				SWIFT_ACTIVE_COMPILATION_CONDITIONS = DEBUG;
				SWIFT_OPTIMIZATION_LEVEL = "-Onone";
			};
			name = Debug;
		};
		AAD416FE216673BD00006A3F /* Release */ = {
			isa = XCBuildConfiguration;
			buildSettings = {
				ALWAYS_SEARCH_USER_PATHS = NO;
				CLANG_ANALYZER_NONNULL = YES;
				CLANG_ANALYZER_NUMBER_OBJECT_CONVERSION = YES_AGGRESSIVE;
				CLANG_CXX_LANGUAGE_STANDARD = "gnu++14";
				CLANG_CXX_LIBRARY = "libc++";
				CLANG_ENABLE_MODULES = YES;
				CLANG_ENABLE_OBJC_ARC = YES;
				CLANG_ENABLE_OBJC_WEAK = YES;
				CLANG_WARN_BLOCK_CAPTURE_AUTORELEASING = YES;
				CLANG_WARN_BOOL_CONVERSION = YES;
				CLANG_WARN_COMMA = YES;
				CLANG_WARN_CONSTANT_CONVERSION = YES;
				CLANG_WARN_DEPRECATED_OBJC_IMPLEMENTATIONS = YES;
				CLANG_WARN_DIRECT_OBJC_ISA_USAGE = YES_ERROR;
				CLANG_WARN_DOCUMENTATION_COMMENTS = YES;
				CLANG_WARN_EMPTY_BODY = YES;
				CLANG_WARN_ENUM_CONVERSION = YES;
				CLANG_WARN_INFINITE_RECURSION = YES;
				CLANG_WARN_INT_CONVERSION = YES;
				CLANG_WARN_NON_LITERAL_NULL_CONVERSION = YES;
				CLANG_WARN_OBJC_IMPLICIT_RETAIN_SELF = YES;
				CLANG_WARN_OBJC_LITERAL_CONVERSION = YES;
				CLANG_WARN_OBJC_ROOT_CLASS = YES_ERROR;
				CLANG_WARN_RANGE_LOOP_ANALYSIS = YES;
				CLANG_WARN_STRICT_PROTOTYPES = YES;
				CLANG_WARN_SUSPICIOUS_MOVE = YES;
				CLANG_WARN_UNGUARDED_AVAILABILITY = YES_AGGRESSIVE;
				CLANG_WARN_UNREACHABLE_CODE = YES;
				CLANG_WARN__DUPLICATE_METHOD_MATCH = YES;
				CODE_SIGN_IDENTITY = "iPhone Developer";
				COPY_PHASE_STRIP = NO;
				DEBUG_INFORMATION_FORMAT = "dwarf-with-dsym";
				ENABLE_NS_ASSERTIONS = NO;
				ENABLE_STRICT_OBJC_MSGSEND = YES;
				GCC_C_LANGUAGE_STANDARD = gnu11;
				GCC_NO_COMMON_BLOCKS = YES;
				GCC_WARN_64_TO_32_BIT_CONVERSION = YES;
				GCC_WARN_ABOUT_RETURN_TYPE = YES_ERROR;
				GCC_WARN_UNDECLARED_SELECTOR = YES;
				GCC_WARN_UNINITIALIZED_AUTOS = YES_AGGRESSIVE;
				GCC_WARN_UNUSED_FUNCTION = YES;
				GCC_WARN_UNUSED_VARIABLE = YES;
				IPHONEOS_DEPLOYMENT_TARGET = 12.0;
				MTL_ENABLE_DEBUG_INFO = NO;
				MTL_FAST_MATH = YES;
				SDKROOT = iphoneos;
				SWIFT_COMPILATION_MODE = wholemodule;
				SWIFT_OPTIMIZATION_LEVEL = "-O";
				VALIDATE_PRODUCT = YES;
			};
			name = Release;
		};
		AAD41700216673BD00006A3F /* Debug */ = {
			isa = XCBuildConfiguration;
			buildSettings = {
				ASSETCATALOG_COMPILER_APPICON_NAME = AppIcon;
				CODE_SIGN_STYLE = Automatic;
				DEVELOPMENT_TEAM = NH4DN74Q28;
				INFOPLIST_FILE = Studify/Info.plist;
				IPHONEOS_DEPLOYMENT_TARGET = 12.1;
				LD_RUNPATH_SEARCH_PATHS = (
					"$(inherited)",
					"@executable_path/Frameworks",
				);
				PRODUCT_BUNDLE_IDENTIFIER = pl.nadolny.Studify;
				PRODUCT_NAME = "$(TARGET_NAME)";
				SWIFT_VERSION = 4.2;
				TARGETED_DEVICE_FAMILY = "1,2";
			};
			name = Debug;
		};
		AAD41701216673BD00006A3F /* Release */ = {
			isa = XCBuildConfiguration;
			buildSettings = {
				ASSETCATALOG_COMPILER_APPICON_NAME = AppIcon;
				CODE_SIGN_STYLE = Automatic;
				DEVELOPMENT_TEAM = NH4DN74Q28;
				INFOPLIST_FILE = Studify/Info.plist;
				IPHONEOS_DEPLOYMENT_TARGET = 12.1;
				LD_RUNPATH_SEARCH_PATHS = (
					"$(inherited)",
					"@executable_path/Frameworks",
				);
				PRODUCT_BUNDLE_IDENTIFIER = pl.nadolny.Studify;
				PRODUCT_NAME = "$(TARGET_NAME)";
				SWIFT_VERSION = 4.2;
				TARGETED_DEVICE_FAMILY = "1,2";
			};
			name = Release;
		};
		AAD41703216673BD00006A3F /* Debug */ = {
			isa = XCBuildConfiguration;
			buildSettings = {
				ALWAYS_EMBED_SWIFT_STANDARD_LIBRARIES = YES;
				BUNDLE_LOADER = "$(TEST_HOST)";
				CODE_SIGN_STYLE = Automatic;
				DEVELOPMENT_TEAM = NH4DN74Q28;
				INFOPLIST_FILE = StudifyTests/Info.plist;
				LD_RUNPATH_SEARCH_PATHS = (
					"$(inherited)",
					"@executable_path/Frameworks",
					"@loader_path/Frameworks",
				);
				PRODUCT_BUNDLE_IDENTIFIER = pl.nadolny.StudifyTests;
				PRODUCT_NAME = "$(TARGET_NAME)";
				SWIFT_VERSION = 4.2;
				TARGETED_DEVICE_FAMILY = "1,2";
				TEST_HOST = "$(BUILT_PRODUCTS_DIR)/Studify.app/Studify";
			};
			name = Debug;
		};
		AAD41704216673BD00006A3F /* Release */ = {
			isa = XCBuildConfiguration;
			buildSettings = {
				ALWAYS_EMBED_SWIFT_STANDARD_LIBRARIES = YES;
				BUNDLE_LOADER = "$(TEST_HOST)";
				CODE_SIGN_STYLE = Automatic;
				DEVELOPMENT_TEAM = NH4DN74Q28;
				INFOPLIST_FILE = StudifyTests/Info.plist;
				LD_RUNPATH_SEARCH_PATHS = (
					"$(inherited)",
					"@executable_path/Frameworks",
					"@loader_path/Frameworks",
				);
				PRODUCT_BUNDLE_IDENTIFIER = pl.nadolny.StudifyTests;
				PRODUCT_NAME = "$(TARGET_NAME)";
				SWIFT_VERSION = 4.2;
				TARGETED_DEVICE_FAMILY = "1,2";
				TEST_HOST = "$(BUILT_PRODUCTS_DIR)/Studify.app/Studify";
			};
			name = Release;
		};
		AAD41706216673BD00006A3F /* Debug */ = {
			isa = XCBuildConfiguration;
			buildSettings = {
				ALWAYS_EMBED_SWIFT_STANDARD_LIBRARIES = YES;
				CODE_SIGN_STYLE = Automatic;
				DEVELOPMENT_TEAM = NH4DN74Q28;
				INFOPLIST_FILE = StudifyUITests/Info.plist;
				LD_RUNPATH_SEARCH_PATHS = (
					"$(inherited)",
					"@executable_path/Frameworks",
					"@loader_path/Frameworks",
				);
				PRODUCT_BUNDLE_IDENTIFIER = pl.nadolny.StudifyUITests;
				PRODUCT_NAME = "$(TARGET_NAME)";
				SWIFT_VERSION = 4.2;
				TARGETED_DEVICE_FAMILY = "1,2";
				TEST_TARGET_NAME = Studify;
			};
			name = Debug;
		};
		AAD41707216673BD00006A3F /* Release */ = {
			isa = XCBuildConfiguration;
			buildSettings = {
				ALWAYS_EMBED_SWIFT_STANDARD_LIBRARIES = YES;
				CODE_SIGN_STYLE = Automatic;
				DEVELOPMENT_TEAM = NH4DN74Q28;
				INFOPLIST_FILE = StudifyUITests/Info.plist;
				LD_RUNPATH_SEARCH_PATHS = (
					"$(inherited)",
					"@executable_path/Frameworks",
					"@loader_path/Frameworks",
				);
				PRODUCT_BUNDLE_IDENTIFIER = pl.nadolny.StudifyUITests;
				PRODUCT_NAME = "$(TARGET_NAME)";
				SWIFT_VERSION = 4.2;
				TARGETED_DEVICE_FAMILY = "1,2";
				TEST_TARGET_NAME = Studify;
			};
			name = Release;
		};
/* End XCBuildConfiguration section */

/* Begin XCConfigurationList section */
		AAD416D0216673BC00006A3F /* Build configuration list for PBXProject "Studify" */ = {
			isa = XCConfigurationList;
			buildConfigurations = (
				AAD416FD216673BD00006A3F /* Debug */,
				AAD416FE216673BD00006A3F /* Release */,
			);
			defaultConfigurationIsVisible = 0;
			defaultConfigurationName = Release;
		};
		AAD416FF216673BD00006A3F /* Build configuration list for PBXNativeTarget "Studify" */ = {
			isa = XCConfigurationList;
			buildConfigurations = (
				AAD41700216673BD00006A3F /* Debug */,
				AAD41701216673BD00006A3F /* Release */,
			);
			defaultConfigurationIsVisible = 0;
			defaultConfigurationName = Release;
		};
		AAD41702216673BD00006A3F /* Build configuration list for PBXNativeTarget "StudifyTests" */ = {
			isa = XCConfigurationList;
			buildConfigurations = (
				AAD41703216673BD00006A3F /* Debug */,
				AAD41704216673BD00006A3F /* Release */,
			);
			defaultConfigurationIsVisible = 0;
			defaultConfigurationName = Release;
		};
		AAD41705216673BD00006A3F /* Build configuration list for PBXNativeTarget "StudifyUITests" */ = {
			isa = XCConfigurationList;
			buildConfigurations = (
				AAD41706216673BD00006A3F /* Debug */,
				AAD41707216673BD00006A3F /* Release */,
			);
			defaultConfigurationIsVisible = 0;
			defaultConfigurationName = Release;
		};
/* End XCConfigurationList section */
	};
	rootObject = AAD416CD216673BC00006A3F /* Project object */;
}
