// !$*UTF8*$!
{
	archiveVersion = 1;
	classes = {
	};
	objectVersion = 50;
	objects = {

/* Begin PBXBuildFile section */
		AA4BFE702170C8B2004FC4BD /* LessonsViewController.swift in Sources */ = {isa = PBXBuildFile; fileRef = AA4BFE6F2170C8B2004FC4BD /* LessonsViewController.swift */; };
		AA4BFE722170C8FB004FC4BD /* PatternsViewController.swift in Sources */ = {isa = PBXBuildFile; fileRef = AA4BFE712170C8FB004FC4BD /* PatternsViewController.swift */; };
		AA4BFE752170CEA7004FC4BD /* LessonsViewCell.swift in Sources */ = {isa = PBXBuildFile; fileRef = AA4BFE742170CEA7004FC4BD /* LessonsViewCell.swift */; };
		AA6D54CD2174D47200730309 /* ARViewController.swift in Sources */ = {isa = PBXBuildFile; fileRef = AA6D54CC2174D47200730309 /* ARViewController.swift */; };
		AA6D54CF2174DD0900730309 /* LessonDetailViewController.swift in Sources */ = {isa = PBXBuildFile; fileRef = AA6D54CE2174DD0900730309 /* LessonDetailViewController.swift */; };
		AA6D54D22174E46A00730309 /* Lesson.swift in Sources */ = {isa = PBXBuildFile; fileRef = AA6D54D12174E46A00730309 /* Lesson.swift */; };
		AAD416D9216673BD00006A3F /* AppDelegate.swift in Sources */ = {isa = PBXBuildFile; fileRef = AAD416D8216673BD00006A3F /* AppDelegate.swift */; };
		AAD416DB216673BD00006A3F /* art.scnassets in Resources */ = {isa = PBXBuildFile; fileRef = AAD416DA216673BD00006A3F /* art.scnassets */; };
		AAD416DD216673BD00006A3F /* ARController.swift in Sources */ = {isa = PBXBuildFile; fileRef = AAD416DC216673BD00006A3F /* ARController.swift */; };
		AAD416E0216673BD00006A3F /* Main.storyboard in Resources */ = {isa = PBXBuildFile; fileRef = AAD416DE216673BD00006A3F /* Main.storyboard */; };
		AAD416E2216673BD00006A3F /* Assets.xcassets in Resources */ = {isa = PBXBuildFile; fileRef = AAD416E1216673BD00006A3F /* Assets.xcassets */; };
		AAD416E5216673BD00006A3F /* LaunchScreen.storyboard in Resources */ = {isa = PBXBuildFile; fileRef = AAD416E3216673BD00006A3F /* LaunchScreen.storyboard */; };
		AAD416F0216673BD00006A3F /* StudifyTests.swift in Sources */ = {isa = PBXBuildFile; fileRef = AAD416EF216673BD00006A3F /* StudifyTests.swift */; };
		AAD416FB216673BD00006A3F /* StudifyUITests.swift in Sources */ = {isa = PBXBuildFile; fileRef = AAD416FA216673BD00006A3F /* StudifyUITests.swift */; };
/* End PBXBuildFile section */

/* Begin PBXContainerItemProxy section */
		AAD416EC216673BD00006A3F /* PBXContainerItemProxy */ = {
			isa = PBXContainerItemProxy;
			containerPortal = AAD416CD216673BC00006A3F /* Project object */;
			proxyType = 1;
			remoteGlobalIDString = AAD416D4216673BD00006A3F;
			remoteInfo = Studify;
		};
		AAD416F7216673BD00006A3F /* PBXContainerItemProxy */ = {
			isa = PBXContainerItemProxy;
			containerPortal = AAD416CD216673BC00006A3F /* Project object */;
			proxyType = 1;
			remoteGlobalIDString = AAD416D4216673BD00006A3F;
			remoteInfo = Studify;
		};
/* End PBXContainerItemProxy section */

/* Begin PBXFileReference section */
		AA4BFE6F2170C8B2004FC4BD /* LessonsViewController.swift */ = {isa = PBXFileReference; lastKnownFileType = sourcecode.swift; path = LessonsViewController.swift; sourceTree = "<group>"; };
		AA4BFE712170C8FB004FC4BD /* PatternsViewController.swift */ = {isa = PBXFileReference; lastKnownFileType = sourcecode.swift; path = PatternsViewController.swift; sourceTree = "<group>"; };
		AA4BFE742170CEA7004FC4BD /* LessonsViewCell.swift */ = {isa = PBXFileReference; lastKnownFileType = sourcecode.swift; path = LessonsViewCell.swift; sourceTree = "<group>"; };
		AA6D54CC2174D47200730309 /* ARViewController.swift */ = {isa = PBXFileReference; lastKnownFileType = sourcecode.swift; path = ARViewController.swift; sourceTree = "<group>"; };
		AA6D54CE2174DD0900730309 /* LessonDetailViewController.swift */ = {isa = PBXFileReference; lastKnownFileType = sourcecode.swift; path = LessonDetailViewController.swift; sourceTree = "<group>"; };
		AA6D54D12174E46A00730309 /* Lesson.swift */ = {isa = PBXFileReference; lastKnownFileType = sourcecode.swift; path = Lesson.swift; sourceTree = "<group>"; };
		AAD416D5216673BD00006A3F /* Studify.app */ = {isa = PBXFileReference; explicitFileType = wrapper.application; includeInIndex = 0; path = Studify.app; sourceTree = BUILT_PRODUCTS_DIR; };
		AAD416D8216673BD00006A3F /* AppDelegate.swift */ = {isa = PBXFileReference; lastKnownFileType = sourcecode.swift; path = AppDelegate.swift; sourceTree = "<group>"; };
		AAD416DA216673BD00006A3F /* art.scnassets */ = {isa = PBXFileReference; lastKnownFileType = wrapper.scnassets; path = art.scnassets; sourceTree = "<group>"; };
		AAD416DC216673BD00006A3F /* ARController.swift */ = {isa = PBXFileReference; lastKnownFileType = sourcecode.swift; path = ARController.swift; sourceTree = "<group>"; };
		AAD416DF216673BD00006A3F /* Base */ = {isa = PBXFileReference; lastKnownFileType = file.storyboard; name = Base; path = Base.lproj/Main.storyboard; sourceTree = "<group>"; };
		AAD416E1216673BD00006A3F /* Assets.xcassets */ = {isa = PBXFileReference; lastKnownFileType = folder.assetcatalog; path = Assets.xcassets; sourceTree = "<group>"; };
		AAD416E4216673BD00006A3F /* Base */ = {isa = PBXFileReference; lastKnownFileType = file.storyboard; name = Base; path = Base.lproj/LaunchScreen.storyboard; sourceTree = "<group>"; };
		AAD416E6216673BD00006A3F /* Info.plist */ = {isa = PBXFileReference; lastKnownFileType = text.plist.xml; path = Info.plist; sourceTree = "<group>"; };
		AAD416EB216673BD00006A3F /* StudifyTests.xctest */ = {isa = PBXFileReference; explicitFileType = wrapper.cfbundle; includeInIndex = 0; path = StudifyTests.xctest; sourceTree = BUILT_PRODUCTS_DIR; };
		AAD416EF216673BD00006A3F /* StudifyTests.swift */ = {isa = PBXFileReference; lastKnownFileType = sourcecode.swift; path = StudifyTests.swift; sourceTree = "<group>"; };
		AAD416F1216673BD00006A3F /* Info.plist */ = {isa = PBXFileReference; lastKnownFileType = text.plist.xml; path = Info.plist; sourceTree = "<group>"; };
		AAD416F6216673BD00006A3F /* StudifyUITests.xctest */ = {isa = PBXFileReference; explicitFileType = wrapper.cfbundle; includeInIndex = 0; path = StudifyUITests.xctest; sourceTree = BUILT_PRODUCTS_DIR; };
		AAD416FA216673BD00006A3F /* StudifyUITests.swift */ = {isa = PBXFileReference; lastKnownFileType = sourcecode.swift; path = StudifyUITests.swift; sourceTree = "<group>"; };
		AAD416FC216673BD00006A3F /* Info.plist */ = {isa = PBXFileReference; lastKnownFileType = text.plist.xml; path = Info.plist; sourceTree = "<group>"; };
/* End PBXFileReference section */

/* Begin PBXFrameworksBuildPhase section */
		AAD416D2216673BD00006A3F /* Frameworks */ = {
			isa = PBXFrameworksBuildPhase;
			buildActionMask = 2147483647;
			files = (
			);
			runOnlyForDeploymentPostprocessing = 0;
		};
		AAD416E8216673BD00006A3F /* Frameworks */ = {
			isa = PBXFrameworksBuildPhase;
			buildActionMask = 2147483647;
			files = (
			);
			runOnlyForDeploymentPostprocessing = 0;
		};
		AAD416F3216673BD00006A3F /* Frameworks */ = {
			isa = PBXFrameworksBuildPhase;
			buildActionMask = 2147483647;
			files = (
			);
			runOnlyForDeploymentPostprocessing = 0;
		};
/* End PBXFrameworksBuildPhase section */

/* Begin PBXGroup section */
		AA4BFE6C2170C815004FC4BD /* ViewControllers */ = {
			isa = PBXGroup;
			children = (
				AAD416D8216673BD00006A3F /* AppDelegate.swift */,
				AAD416DC216673BD00006A3F /* ARController.swift */,
				AA4BFE6F2170C8B2004FC4BD /* LessonsViewController.swift */,
				AA4BFE712170C8FB004FC4BD /* PatternsViewController.swift */,
				AA4BFE742170CEA7004FC4BD /* LessonsViewCell.swift */,
				AA6D54CC2174D47200730309 /* ARViewController.swift */,
				AA6D54CE2174DD0900730309 /* LessonDetailViewController.swift */,
			);
			path = ViewControllers;
			sourceTree = "<group>";
		};
		AA4BFE732170C9A5004FC4BD /* Views */ = {
			isa = PBXGroup;
			children = (
				AAD416E3216673BD00006A3F /* LaunchScreen.storyboard */,
				AAD416DE216673BD00006A3F /* Main.storyboard */,
			);
			path = Views;
			sourceTree = "<group>";
		};
		AA6D54D02174E45200730309 /* Data */ = {
			isa = PBXGroup;
			children = (
				AA6D54D12174E46A00730309 /* Lesson.swift */,
			);
			path = Data;
			sourceTree = "<group>";
		};
		AAD416CC216673BC00006A3F = {
			isa = PBXGroup;
			children = (
				AAD416D7216673BD00006A3F /* Studify */,
				AAD416EE216673BD00006A3F /* StudifyTests */,
				AAD416F9216673BD00006A3F /* StudifyUITests */,
				AAD416D6216673BD00006A3F /* Products */,
			);
			sourceTree = "<group>";
		};
		AAD416D6216673BD00006A3F /* Products */ = {
			isa = PBXGroup;
			children = (
				AAD416D5216673BD00006A3F /* Studify.app */,
				AAD416EB216673BD00006A3F /* StudifyTests.xctest */,
				AAD416F6216673BD00006A3F /* StudifyUITests.xctest */,
			);
			name = Products;
			sourceTree = "<group>";
		};
		AAD416D7216673BD00006A3F /* Studify */ = {
			isa = PBXGroup;
			children = (
				AA6D54D02174E45200730309 /* Data */,
				AA4BFE732170C9A5004FC4BD /* Views */,
				AA4BFE6C2170C815004FC4BD /* ViewControllers */,
				AAD416DA216673BD00006A3F /* art.scnassets */,
				AAD416E1216673BD00006A3F /* Assets.xcassets */,
				AAD416E6216673BD00006A3F /* Info.plist */,
			);
			path = Studify;
			sourceTree = "<group>";
		};
		AAD416EE216673BD00006A3F /* StudifyTests */ = {
			isa = PBXGroup;
			children = (
				AAD416EF216673BD00006A3F /* StudifyTests.swift */,
				AAD416F1216673BD00006A3F /* Info.plist */,
			);
			path = StudifyTests;
			sourceTree = "<group>";
		};
		AAD416F9216673BD00006A3F /* StudifyUITests */ = {
			isa = PBXGroup;
			children = (
				AAD416FA216673BD00006A3F /* StudifyUITests.swift */,
				AAD416FC216673BD00006A3F /* Info.plist */,
			);
			path = StudifyUITests;
			sourceTree = "<group>";
		};
/* End PBXGroup section */

/* Begin PBXNativeTarget section */
		AAD416D4216673BD00006A3F /* Studify */ = {
			isa = PBXNativeTarget;
			buildConfigurationList = AAD416FF216673BD00006A3F /* Build configuration list for PBXNativeTarget "Studify" */;
			buildPhases = (
				AAD416D1216673BD00006A3F /* Sources */,
				AAD416D2216673BD00006A3F /* Frameworks */,
				AAD416D3216673BD00006A3F /* Resources */,
			);
			buildRules = (
			);
			dependencies = (
			);
			name = Studify;
			productName = Studify;
			productReference = AAD416D5216673BD00006A3F /* Studify.app */;
			productType = "com.apple.product-type.application";
		};
		AAD416EA216673BD00006A3F /* StudifyTests */ = {
			isa = PBXNativeTarget;
			buildConfigurationList = AAD41702216673BD00006A3F /* Build configuration list for PBXNativeTarget "StudifyTests" */;
			buildPhases = (
				AAD416E7216673BD00006A3F /* Sources */,
				AAD416E8216673BD00006A3F /* Frameworks */,
				AAD416E9216673BD00006A3F /* Resources */,
			);
			buildRules = (
			);
			dependencies = (
				AAD416ED216673BD00006A3F /* PBXTargetDependency */,
			);
			name = StudifyTests;
			productName = StudifyTests;
			productReference = AAD416EB216673BD00006A3F /* StudifyTests.xctest */;
			productType = "com.apple.product-type.bundle.unit-test";
		};
		AAD416F5216673BD00006A3F /* StudifyUITests */ = {
			isa = PBXNativeTarget;
			buildConfigurationList = AAD41705216673BD00006A3F /* Build configuration list for PBXNativeTarget "StudifyUITests" */;
			buildPhases = (
				AAD416F2216673BD00006A3F /* Sources */,
				AAD416F3216673BD00006A3F /* Frameworks */,
				AAD416F4216673BD00006A3F /* Resources */,
			);
			buildRules = (
			);
			dependencies = (
				AAD416F8216673BD00006A3F /* PBXTargetDependency */,
			);
			name = StudifyUITests;
			productName = StudifyUITests;
			productReference = AAD416F6216673BD00006A3F /* StudifyUITests.xctest */;
			productType = "com.apple.product-type.bundle.ui-testing";
		};
/* End PBXNativeTarget section */

/* Begin PBXProject section */
		AAD416CD216673BC00006A3F /* Project object */ = {
			isa = PBXProject;
			attributes = {
				LastSwiftUpdateCheck = 1000;
				LastUpgradeCheck = 1000;
				ORGANIZATIONNAME = "Jakub Nadolny";
				TargetAttributes = {
					AAD416D4216673BD00006A3F = {
						CreatedOnToolsVersion = 10.0;
					};
					AAD416EA216673BD00006A3F = {
						CreatedOnToolsVersion = 10.0;
						TestTargetID = AAD416D4216673BD00006A3F;
					};
					AAD416F5216673BD00006A3F = {
						CreatedOnToolsVersion = 10.0;
						TestTargetID = AAD416D4216673BD00006A3F;
					};
				};
			};
			buildConfigurationList = AAD416D0216673BC00006A3F /* Build configuration list for PBXProject "Studify" */;
			compatibilityVersion = "Xcode 9.3";
			developmentRegion = en;
			hasScannedForEncodings = 0;
			knownRegions = (
				en,
				Base,
			);
			mainGroup = AAD416CC216673BC00006A3F;
			productRefGroup = AAD416D6216673BD00006A3F /* Products */;
			projectDirPath = "";
			projectRoot = "";
			targets = (
				AAD416D4216673BD00006A3F /* Studify */,
				AAD416EA216673BD00006A3F /* StudifyTests */,
				AAD416F5216673BD00006A3F /* StudifyUITests */,
			);
		};
/* End PBXProject section */

/* Begin PBXResourcesBuildPhase section */
		AAD416D3216673BD00006A3F /* Resources */ = {
			isa = PBXResourcesBuildPhase;
			buildActionMask = 2147483647;
			files = (
				AAD416DB216673BD00006A3F /* art.scnassets in Resources */,
				AAD416E5216673BD00006A3F /* LaunchScreen.storyboard in Resources */,
				AAD416E2216673BD00006A3F /* Assets.xcassets in Resources */,
				AAD416E0216673BD00006A3F /* Main.storyboard in Resources */,
			);
			runOnlyForDeploymentPostprocessing = 0;
		};
		AAD416E9216673BD00006A3F /* Resources */ = {
			isa = PBXResourcesBuildPhase;
			buildActionMask = 2147483647;
			files = (
			);
			runOnlyForDeploymentPostprocessing = 0;
		};
		AAD416F4216673BD00006A3F /* Resources */ = {
			isa = PBXResourcesBuildPhase;
			buildActionMask = 2147483647;
			files = (
			);
			runOnlyForDeploymentPostprocessing = 0;
		};
/* End PBXResourcesBuildPhase section */

/* Begin PBXSourcesBuildPhase section */
		AAD416D1216673BD00006A3F /* Sources */ = {
			isa = PBXSourcesBuildPhase;
			buildActionMask = 2147483647;
			files = (
				AA4BFE752170CEA7004FC4BD /* LessonsViewCell.swift in Sources */,
				AA4BFE702170C8B2004FC4BD /* LessonsViewController.swift in Sources */,
				AAD416DD216673BD00006A3F /* ARController.swift in Sources */,
				AA6D54D22174E46A00730309 /* Lesson.swift in Sources */,
				AA6D54CF2174DD0900730309 /* LessonDetailViewController.swift in Sources */,
				AA6D54CD2174D47200730309 /* ARViewController.swift in Sources */,
				AAD416D9216673BD00006A3F /* AppDelegate.swift in Sources */,
				AA4BFE722170C8FB004FC4BD /* PatternsViewController.swift in Sources */,
			);
			runOnlyForDeploymentPostprocessing = 0;
		};
		AAD416E7216673BD00006A3F /* Sources */ = {
			isa = PBXSourcesBuildPhase;
			buildActionMask = 2147483647;
			files = (
				AAD416F0216673BD00006A3F /* StudifyTests.swift in Sources */,
			);
			runOnlyForDeploymentPostprocessing = 0;
		};
		AAD416F2216673BD00006A3F /* Sources */ = {
			isa = PBXSourcesBuildPhase;
			buildActionMask = 2147483647;
			files = (
				AAD416FB216673BD00006A3F /* StudifyUITests.swift in Sources */,
			);
			runOnlyForDeploymentPostprocessing = 0;
		};
/* End PBXSourcesBuildPhase section */

/* Begin PBXTargetDependency section */
		AAD416ED216673BD00006A3F /* PBXTargetDependency */ = {
			isa = PBXTargetDependency;
			target = AAD416D4216673BD00006A3F /* Studify */;
			targetProxy = AAD416EC216673BD00006A3F /* PBXContainerItemProxy */;
		};
		AAD416F8216673BD00006A3F /* PBXTargetDependency */ = {
			isa = PBXTargetDependency;
			target = AAD416D4216673BD00006A3F /* Studify */;
			targetProxy = AAD416F7216673BD00006A3F /* PBXContainerItemProxy */;
		};
/* End PBXTargetDependency section */

/* Begin PBXVariantGroup section */
		AAD416DE216673BD00006A3F /* Main.storyboard */ = {
			isa = PBXVariantGroup;
			children = (
				AAD416DF216673BD00006A3F /* Base */,
			);
			name = Main.storyboard;
			sourceTree = "<group>";
		};
		AAD416E3216673BD00006A3F /* LaunchScreen.storyboard */ = {
			isa = PBXVariantGroup;
			children = (
				AAD416E4216673BD00006A3F /* Base */,
			);
			name = LaunchScreen.storyboard;
			sourceTree = "<group>";
		};
/* End PBXVariantGroup section */

/* Begin XCBuildConfiguration section */
		AAD416FD216673BD00006A3F /* Debug */ = {
			isa = XCBuildConfiguration;
			buildSettings = {
				ALWAYS_SEARCH_USER_PATHS = NO;
				CLANG_ANALYZER_NONNULL = YES;
				CLANG_ANALYZER_NUMBER_OBJECT_CONVERSION = YES_AGGRESSIVE;
				CLANG_CXX_LANGUAGE_STANDARD = "gnu++14";
				CLANG_CXX_LIBRARY = "libc++";
				CLANG_ENABLE_MODULES = YES;
				CLANG_ENABLE_OBJC_ARC = YES;
				CLANG_ENABLE_OBJC_WEAK = YES;
				CLANG_WARN_BLOCK_CAPTURE_AUTORELEASING = YES;
				CLANG_WARN_BOOL_CONVERSION = YES;
				CLANG_WARN_COMMA = YES;
				CLANG_WARN_CONSTANT_CONVERSION = YES;
				CLANG_WARN_DEPRECATED_OBJC_IMPLEMENTATIONS = YES;
				CLANG_WARN_DIRECT_OBJC_ISA_USAGE = YES_ERROR;
				CLANG_WARN_DOCUMENTATION_COMMENTS = YES;
				CLANG_WARN_EMPTY_BODY = YES;
				CLANG_WARN_ENUM_CONVERSION = YES;
				CLANG_WARN_INFINITE_RECURSION = YES;
				CLANG_WARN_INT_CONVERSION = YES;
				CLANG_WARN_NON_LITERAL_NULL_CONVERSION = YES;
				CLANG_WARN_OBJC_IMPLICIT_RETAIN_SELF = YES;
				CLANG_WARN_OBJC_LITERAL_CONVERSION = YES;
				CLANG_WARN_OBJC_ROOT_CLASS = YES_ERROR;
				CLANG_WARN_RANGE_LOOP_ANALYSIS = YES;
				CLANG_WARN_STRICT_PROTOTYPES = YES;
				CLANG_WARN_SUSPICIOUS_MOVE = YES;
				CLANG_WARN_UNGUARDED_AVAILABILITY = YES_AGGRESSIVE;
				CLANG_WARN_UNREACHABLE_CODE = YES;
				CLANG_WARN__DUPLICATE_METHOD_MATCH = YES;
				CODE_SIGN_IDENTITY = "iPhone Developer";
				COPY_PHASE_STRIP = NO;
				DEBUG_INFORMATION_FORMAT = dwarf;
				ENABLE_STRICT_OBJC_MSGSEND = YES;
				ENABLE_TESTABILITY = YES;
				GCC_C_LANGUAGE_STANDARD = gnu11;
				GCC_DYNAMIC_NO_PIC = NO;
				GCC_NO_COMMON_BLOCKS = YES;
				GCC_OPTIMIZATION_LEVEL = 0;
				GCC_PREPROCESSOR_DEFINITIONS = (
					"DEBUG=1",
					"$(inherited)",
				);
				GCC_WARN_64_TO_32_BIT_CONVERSION = YES;
				GCC_WARN_ABOUT_RETURN_TYPE = YES_ERROR;
				GCC_WARN_UNDECLARED_SELECTOR = YES;
				GCC_WARN_UNINITIALIZED_AUTOS = YES_AGGRESSIVE;
				GCC_WARN_UNUSED_FUNCTION = YES;
				GCC_WARN_UNUSED_VARIABLE = YES;
				IPHONEOS_DEPLOYMENT_TARGET = 12.0;
				MTL_ENABLE_DEBUG_INFO = INCLUDE_SOURCE;
				MTL_FAST_MATH = YES;
				ONLY_ACTIVE_ARCH = YES;
				SDKROOT = iphoneos;
				SWIFT_ACTIVE_COMPILATION_CONDITIONS = DEBUG;
				SWIFT_OPTIMIZATION_LEVEL = "-Onone";
			};
			name = Debug;
		};
		AAD416FE216673BD00006A3F /* Release */ = {
			isa = XCBuildConfiguration;
			buildSettings = {
				ALWAYS_SEARCH_USER_PATHS = NO;
				CLANG_ANALYZER_NONNULL = YES;
				CLANG_ANALYZER_NUMBER_OBJECT_CONVERSION = YES_AGGRESSIVE;
				CLANG_CXX_LANGUAGE_STANDARD = "gnu++14";
				CLANG_CXX_LIBRARY = "libc++";
				CLANG_ENABLE_MODULES = YES;
				CLANG_ENABLE_OBJC_ARC = YES;
				CLANG_ENABLE_OBJC_WEAK = YES;
				CLANG_WARN_BLOCK_CAPTURE_AUTORELEASING = YES;
				CLANG_WARN_BOOL_CONVERSION = YES;
				CLANG_WARN_COMMA = YES;
				CLANG_WARN_CONSTANT_CONVERSION = YES;
				CLANG_WARN_DEPRECATED_OBJC_IMPLEMENTATIONS = YES;
				CLANG_WARN_DIRECT_OBJC_ISA_USAGE = YES_ERROR;
				CLANG_WARN_DOCUMENTATION_COMMENTS = YES;
				CLANG_WARN_EMPTY_BODY = YES;
				CLANG_WARN_ENUM_CONVERSION = YES;
				CLANG_WARN_INFINITE_RECURSION = YES;
				CLANG_WARN_INT_CONVERSION = YES;
				CLANG_WARN_NON_LITERAL_NULL_CONVERSION = YES;
				CLANG_WARN_OBJC_IMPLICIT_RETAIN_SELF = YES;
				CLANG_WARN_OBJC_LITERAL_CONVERSION = YES;
				CLANG_WARN_OBJC_ROOT_CLASS = YES_ERROR;
				CLANG_WARN_RANGE_LOOP_ANALYSIS = YES;
				CLANG_WARN_STRICT_PROTOTYPES = YES;
				CLANG_WARN_SUSPICIOUS_MOVE = YES;
				CLANG_WARN_UNGUARDED_AVAILABILITY = YES_AGGRESSIVE;
				CLANG_WARN_UNREACHABLE_CODE = YES;
				CLANG_WARN__DUPLICATE_METHOD_MATCH = YES;
				CODE_SIGN_IDENTITY = "iPhone Developer";
				COPY_PHASE_STRIP = NO;
				DEBUG_INFORMATION_FORMAT = "dwarf-with-dsym";
				ENABLE_NS_ASSERTIONS = NO;
				ENABLE_STRICT_OBJC_MSGSEND = YES;
				GCC_C_LANGUAGE_STANDARD = gnu11;
				GCC_NO_COMMON_BLOCKS = YES;
				GCC_WARN_64_TO_32_BIT_CONVERSION = YES;
				GCC_WARN_ABOUT_RETURN_TYPE = YES_ERROR;
				GCC_WARN_UNDECLARED_SELECTOR = YES;
				GCC_WARN_UNINITIALIZED_AUTOS = YES_AGGRESSIVE;
				GCC_WARN_UNUSED_FUNCTION = YES;
				GCC_WARN_UNUSED_VARIABLE = YES;
				IPHONEOS_DEPLOYMENT_TARGET = 12.0;
				MTL_ENABLE_DEBUG_INFO = NO;
				MTL_FAST_MATH = YES;
				SDKROOT = iphoneos;
				SWIFT_COMPILATION_MODE = wholemodule;
				SWIFT_OPTIMIZATION_LEVEL = "-O";
				VALIDATE_PRODUCT = YES;
			};
			name = Release;
		};
		AAD41700216673BD00006A3F /* Debug */ = {
			isa = XCBuildConfiguration;
			buildSettings = {
				ASSETCATALOG_COMPILER_APPICON_NAME = AppIcon;
				CODE_SIGN_STYLE = Automatic;
				DEVELOPMENT_TEAM = NH4DN74Q28;
				INFOPLIST_FILE = Studify/Info.plist;
				LD_RUNPATH_SEARCH_PATHS = (
					"$(inherited)",
					"@executable_path/Frameworks",
				);
				PRODUCT_BUNDLE_IDENTIFIER = pl.nadolny.Studify;
				PRODUCT_NAME = "$(TARGET_NAME)";
				SWIFT_VERSION = 4.2;
				TARGETED_DEVICE_FAMILY = "1,2";
			};
			name = Debug;
		};
		AAD41701216673BD00006A3F /* Release */ = {
			isa = XCBuildConfiguration;
			buildSettings = {
				ASSETCATALOG_COMPILER_APPICON_NAME = AppIcon;
				CODE_SIGN_STYLE = Automatic;
				DEVELOPMENT_TEAM = NH4DN74Q28;
				INFOPLIST_FILE = Studify/Info.plist;
				LD_RUNPATH_SEARCH_PATHS = (
					"$(inherited)",
					"@executable_path/Frameworks",
				);
				PRODUCT_BUNDLE_IDENTIFIER = pl.nadolny.Studify;
				PRODUCT_NAME = "$(TARGET_NAME)";
				SWIFT_VERSION = 4.2;
				TARGETED_DEVICE_FAMILY = "1,2";
			};
			name = Release;
		};
		AAD41703216673BD00006A3F /* Debug */ = {
			isa = XCBuildConfiguration;
			buildSettings = {
				ALWAYS_EMBED_SWIFT_STANDARD_LIBRARIES = YES;
				BUNDLE_LOADER = "$(TEST_HOST)";
				CODE_SIGN_STYLE = Automatic;
				DEVELOPMENT_TEAM = NH4DN74Q28;
				INFOPLIST_FILE = StudifyTests/Info.plist;
				LD_RUNPATH_SEARCH_PATHS = (
					"$(inherited)",
					"@executable_path/Frameworks",
					"@loader_path/Frameworks",
				);
				PRODUCT_BUNDLE_IDENTIFIER = pl.nadolny.StudifyTests;
				PRODUCT_NAME = "$(TARGET_NAME)";
				SWIFT_VERSION = 4.2;
				TARGETED_DEVICE_FAMILY = "1,2";
				TEST_HOST = "$(BUILT_PRODUCTS_DIR)/Studify.app/Studify";
			};
			name = Debug;
		};
		AAD41704216673BD00006A3F /* Release */ = {
			isa = XCBuildConfiguration;
			buildSettings = {
				ALWAYS_EMBED_SWIFT_STANDARD_LIBRARIES = YES;
				BUNDLE_LOADER = "$(TEST_HOST)";
				CODE_SIGN_STYLE = Automatic;
				DEVELOPMENT_TEAM = NH4DN74Q28;
				INFOPLIST_FILE = StudifyTests/Info.plist;
				LD_RUNPATH_SEARCH_PATHS = (
					"$(inherited)",
					"@executable_path/Frameworks",
					"@loader_path/Frameworks",
				);
				PRODUCT_BUNDLE_IDENTIFIER = pl.nadolny.StudifyTests;
				PRODUCT_NAME = "$(TARGET_NAME)";
				SWIFT_VERSION = 4.2;
				TARGETED_DEVICE_FAMILY = "1,2";
				TEST_HOST = "$(BUILT_PRODUCTS_DIR)/Studify.app/Studify";
			};
			name = Release;
		};
		AAD41706216673BD00006A3F /* Debug */ = {
			isa = XCBuildConfiguration;
			buildSettings = {
				ALWAYS_EMBED_SWIFT_STANDARD_LIBRARIES = YES;
				CODE_SIGN_STYLE = Automatic;
				DEVELOPMENT_TEAM = NH4DN74Q28;
				INFOPLIST_FILE = StudifyUITests/Info.plist;
				LD_RUNPATH_SEARCH_PATHS = (
					"$(inherited)",
					"@executable_path/Frameworks",
					"@loader_path/Frameworks",
				);
				PRODUCT_BUNDLE_IDENTIFIER = pl.nadolny.StudifyUITests;
				PRODUCT_NAME = "$(TARGET_NAME)";
				SWIFT_VERSION = 4.2;
				TARGETED_DEVICE_FAMILY = "1,2";
				TEST_TARGET_NAME = Studify;
			};
			name = Debug;
		};
		AAD41707216673BD00006A3F /* Release */ = {
			isa = XCBuildConfiguration;
			buildSettings = {
				ALWAYS_EMBED_SWIFT_STANDARD_LIBRARIES = YES;
				CODE_SIGN_STYLE = Automatic;
				DEVELOPMENT_TEAM = NH4DN74Q28;
				INFOPLIST_FILE = StudifyUITests/Info.plist;
				LD_RUNPATH_SEARCH_PATHS = (
					"$(inherited)",
					"@executable_path/Frameworks",
					"@loader_path/Frameworks",
				);
				PRODUCT_BUNDLE_IDENTIFIER = pl.nadolny.StudifyUITests;
				PRODUCT_NAME = "$(TARGET_NAME)";
				SWIFT_VERSION = 4.2;
				TARGETED_DEVICE_FAMILY = "1,2";
				TEST_TARGET_NAME = Studify;
			};
			name = Release;
		};
/* End XCBuildConfiguration section */

/* Begin XCConfigurationList section */
		AAD416D0216673BC00006A3F /* Build configuration list for PBXProject "Studify" */ = {
			isa = XCConfigurationList;
			buildConfigurations = (
				AAD416FD216673BD00006A3F /* Debug */,
				AAD416FE216673BD00006A3F /* Release */,
			);
			defaultConfigurationIsVisible = 0;
			defaultConfigurationName = Release;
		};
		AAD416FF216673BD00006A3F /* Build configuration list for PBXNativeTarget "Studify" */ = {
			isa = XCConfigurationList;
			buildConfigurations = (
				AAD41700216673BD00006A3F /* Debug */,
				AAD41701216673BD00006A3F /* Release */,
			);
			defaultConfigurationIsVisible = 0;
			defaultConfigurationName = Release;
		};
		AAD41702216673BD00006A3F /* Build configuration list for PBXNativeTarget "StudifyTests" */ = {
			isa = XCConfigurationList;
			buildConfigurations = (
				AAD41703216673BD00006A3F /* Debug */,
				AAD41704216673BD00006A3F /* Release */,
			);
			defaultConfigurationIsVisible = 0;
			defaultConfigurationName = Release;
		};
		AAD41705216673BD00006A3F /* Build configuration list for PBXNativeTarget "StudifyUITests" */ = {
			isa = XCConfigurationList;
			buildConfigurations = (
				AAD41706216673BD00006A3F /* Debug */,
				AAD41707216673BD00006A3F /* Release */,
			);
			defaultConfigurationIsVisible = 0;
			defaultConfigurationName = Release;
		};
/* End XCConfigurationList section */
	};
	rootObject = AAD416CD216673BC00006A3F /* Project object */;
}
